
Microsoft Visual Studio Solution File, Format Version 12.00
# Visual Studio Version 17
VisualStudioVersion = 17.7.34031.279
MinimumVisualStudioVersion = 10.0.40219.1
Project("{FAE04EC0-301F-11D3-BF4B-00C04F79EFBC}") = "Calculator_using Asp.Net", "Calculator_using Asp.Net.csproj", "{367A6332-80FD-4391-BFCB-693B93432D6A}"
EndProject
Global
	GlobalSection(SolutionConfigurationPlatforms) = preSolution
		Debug|Any CPU = Debug|Any CPU
		Release|Any CPU = Release|Any CPU
	EndGlobalSection
	GlobalSection(ProjectConfigurationPlatforms) = postSolution
		{367A6332-80FD-4391-BFCB-693B93432D6A}.Debug|Any CPU.ActiveCfg = Debug|Any CPU
		{367A6332-80FD-4391-BFCB-693B93432D6A}.Debug|Any CPU.Build.0 = Debug|Any CPU
		{367A6332-80FD-4391-BFCB-693B93432D6A}.Release|Any CPU.ActiveCfg = Release|Any CPU
		{367A6332-80FD-4391-BFCB-693B93432D6A}.Release|Any CPU.Build.0 = Release|Any CPU
	EndGlobalSection
	GlobalSection(SolutionProperties) = preSolution
		HideSolutionNode = FALSE
	EndGlobalSection
	GlobalSection(ExtensibilityGlobals) = postSolution
		SolutionGuid = {1D099600-DB7D-46AB-85E3-B68F284E317C}
	EndGlobalSection
EndGlobal
